
Microsoft Visual Studio Solution File, Format Version 12.00
# Visual Studio Version 17
VisualStudioVersion = 17.11.35327.3
MinimumVisualStudioVersion = 10.0.40219.1
Project("{FAE04EC0-301F-11D3-BF4B-00C04F79EFBC}") = "DarazApp", "DarazApp.csproj", "{C38AEEFD-7070-410E-9D5A-05FE266469D0}"
EndProject
Global
	GlobalSection(SolutionConfigurationPlatforms) = preSolution
		Debug|Any CPU = Debug|Any CPU
		Release|Any CPU = Release|Any CPU
	EndGlobalSection
	GlobalSection(ProjectConfigurationPlatforms) = postSolution
		{C38AEEFD-7070-410E-9D5A-05FE266469D0}.Debug|Any CPU.ActiveCfg = Debug|Any CPU
		{C38AEEFD-7070-410E-9D5A-05FE266469D0}.Debug|Any CPU.Build.0 = Debug|Any CPU
		{C38AEEFD-7070-410E-9D5A-05FE266469D0}.Release|Any CPU.ActiveCfg = Release|Any CPU
		{C38AEEFD-7070-410E-9D5A-05FE266469D0}.Release|Any CPU.Build.0 = Release|Any CPU
	EndGlobalSection
	GlobalSection(SolutionProperties) = preSolution
		HideSolutionNode = FALSE
	EndGlobalSection
	GlobalSection(ExtensibilityGlobals) = postSolution
		SolutionGuid = {EDE8D699-0D53-4F54-871D-9286C672DB83}
	EndGlobalSection
EndGlobal
